// !$*UTF8*$!
{
	archiveVersion = 1;
	classes = {
	};
	objectVersion = 55;
	objects = {

/* Begin PBXBuildFile section */
		96C41805B25642421B11E3C3 /* Pods_HomeToGather.framework in Frameworks */ = {isa = PBXBuildFile; fileRef = F553FF6E6CB4595EAE2279F2 /* Pods_HomeToGather.framework */; };
		E26A386F2851F40300AD8EFF /* AppleLogin.swift in Sources */ = {isa = PBXBuildFile; fileRef = E26A386E2851F40300AD8EFF /* AppleLogin.swift */; };
		E26A38832851F50D00AD8EFF /* MainView.swift in Sources */ = {isa = PBXBuildFile; fileRef = E26A38822851F50D00AD8EFF /* MainView.swift */; };
		E26A38852851F6E400AD8EFF /* GoogleService-Info.plist in Resources */ = {isa = PBXBuildFile; fileRef = E26A38842851F6E400AD8EFF /* GoogleService-Info.plist */; };
		E26A38882853076800AD8EFF /* ViewModel.swift in Sources */ = {isa = PBXBuildFile; fileRef = E26A38872853076800AD8EFF /* ViewModel.swift */; };
		E26A388A2853077A00AD8EFF /* Model.swift in Sources */ = {isa = PBXBuildFile; fileRef = E26A38892853077A00AD8EFF /* Model.swift */; };
		E26A388C2853081E00AD8EFF /* ImagePicker.swift in Sources */ = {isa = PBXBuildFile; fileRef = E26A388B2853081E00AD8EFF /* ImagePicker.swift */; };
		E403DD722851DFE9004C8391 /* HomeToGatherApp.swift in Sources */ = {isa = PBXBuildFile; fileRef = E403DD712851DFE9004C8391 /* HomeToGatherApp.swift */; };
		E403DD742851DFE9004C8391 /* ContentView.swift in Sources */ = {isa = PBXBuildFile; fileRef = E403DD732851DFE9004C8391 /* ContentView.swift */; };
		E403DD762851DFEA004C8391 /* Assets.xcassets in Resources */ = {isa = PBXBuildFile; fileRef = E403DD752851DFEA004C8391 /* Assets.xcassets */; };
		E403DD792851DFEA004C8391 /* Preview Assets.xcassets in Resources */ = {isa = PBXBuildFile; fileRef = E403DD782851DFEA004C8391 /* Preview Assets.xcassets */; };
		E46799ED28539B5B00C294D8 /* NotoSansKR-Bold.otf in Resources */ = {isa = PBXBuildFile; fileRef = E46799E728539B5B00C294D8 /* NotoSansKR-Bold.otf */; };
		E46799EE28539B5B00C294D8 /* NotoSansKR-Black.otf in Resources */ = {isa = PBXBuildFile; fileRef = E46799E828539B5B00C294D8 /* NotoSansKR-Black.otf */; };
		E46799EF28539B5B00C294D8 /* NotoSansKR-Thin.otf in Resources */ = {isa = PBXBuildFile; fileRef = E46799E928539B5B00C294D8 /* NotoSansKR-Thin.otf */; };
		E46799F028539B5B00C294D8 /* NotoSansKR-Regular.otf in Resources */ = {isa = PBXBuildFile; fileRef = E46799EA28539B5B00C294D8 /* NotoSansKR-Regular.otf */; };
		E46799F128539B5B00C294D8 /* NotoSansKR-Light.otf in Resources */ = {isa = PBXBuildFile; fileRef = E46799EB28539B5B00C294D8 /* NotoSansKR-Light.otf */; };
		E46799F228539B5B00C294D8 /* NotoSansKR-Medium.otf in Resources */ = {isa = PBXBuildFile; fileRef = E46799EC28539B5B00C294D8 /* NotoSansKR-Medium.otf */; };
		E46799F928539B8C00C294D8 /* Montserrat-Light.ttf in Resources */ = {isa = PBXBuildFile; fileRef = E46799F328539B8C00C294D8 /* Montserrat-Light.ttf */; };
		E46799FA28539B8C00C294D8 /* Montserrat-Thin.ttf in Resources */ = {isa = PBXBuildFile; fileRef = E46799F428539B8C00C294D8 /* Montserrat-Thin.ttf */; };
		E46799FB28539B8C00C294D8 /* Montserrat-Bold.ttf in Resources */ = {isa = PBXBuildFile; fileRef = E46799F528539B8C00C294D8 /* Montserrat-Bold.ttf */; };
		E46799FC28539B8C00C294D8 /* Montserrat-Medium.ttf in Resources */ = {isa = PBXBuildFile; fileRef = E46799F628539B8C00C294D8 /* Montserrat-Medium.ttf */; };
		E46799FD28539B8C00C294D8 /* Montserrat-Black.ttf in Resources */ = {isa = PBXBuildFile; fileRef = E46799F728539B8C00C294D8 /* Montserrat-Black.ttf */; };
		E46799FE28539B8C00C294D8 /* Montserrat-Regular.ttf in Resources */ = {isa = PBXBuildFile; fileRef = E46799F828539B8C00C294D8 /* Montserrat-Regular.ttf */; };
		E47738A2285320F800C1403F /* Font.swift in Sources */ = {isa = PBXBuildFile; fileRef = E47738A1285320F800C1403F /* Font.swift */; };
		E47738FF28533A2000C1403F /* TicketView.swift in Sources */ = {isa = PBXBuildFile; fileRef = E47738FE28533A2000C1403F /* TicketView.swift */; };
		E477390128533A2700C1403F /* CreateView.swift in Sources */ = {isa = PBXBuildFile; fileRef = E477390028533A2700C1403F /* CreateView.swift */; };
		E477390428533A6900C1403F /* Color.swift in Sources */ = {isa = PBXBuildFile; fileRef = E477390328533A6900C1403F /* Color.swift */; };
/* End PBXBuildFile section */

/* Begin PBXFileReference section */
		1971262C2D08B886A5349309 /* Pods-HomeToGather.release.xcconfig */ = {isa = PBXFileReference; includeInIndex = 1; lastKnownFileType = text.xcconfig; name = "Pods-HomeToGather.release.xcconfig"; path = "Target Support Files/Pods-HomeToGather/Pods-HomeToGather.release.xcconfig"; sourceTree = "<group>"; };
		682948D23B041018B1FD98FD /* Pods-HomeToGather.debug.xcconfig */ = {isa = PBXFileReference; includeInIndex = 1; lastKnownFileType = text.xcconfig; name = "Pods-HomeToGather.debug.xcconfig"; path = "Target Support Files/Pods-HomeToGather/Pods-HomeToGather.debug.xcconfig"; sourceTree = "<group>"; };
		E26A386E2851F40300AD8EFF /* AppleLogin.swift */ = {isa = PBXFileReference; lastKnownFileType = sourcecode.swift; path = AppleLogin.swift; sourceTree = "<group>"; };
		E26A38822851F50D00AD8EFF /* MainView.swift */ = {isa = PBXFileReference; lastKnownFileType = sourcecode.swift; path = MainView.swift; sourceTree = "<group>"; };
		E26A38842851F6E400AD8EFF /* GoogleService-Info.plist */ = {isa = PBXFileReference; fileEncoding = 4; lastKnownFileType = text.plist.xml; path = "GoogleService-Info.plist"; sourceTree = "<group>"; };
		E26A38862851F71D00AD8EFF /* HomeToGather.entitlements */ = {isa = PBXFileReference; lastKnownFileType = text.plist.entitlements; path = HomeToGather.entitlements; sourceTree = "<group>"; };
		E26A38872853076800AD8EFF /* ViewModel.swift */ = {isa = PBXFileReference; lastKnownFileType = sourcecode.swift; path = ViewModel.swift; sourceTree = "<group>"; };
		E26A38892853077A00AD8EFF /* Model.swift */ = {isa = PBXFileReference; lastKnownFileType = sourcecode.swift; path = Model.swift; sourceTree = "<group>"; };
		E26A388B2853081E00AD8EFF /* ImagePicker.swift */ = {isa = PBXFileReference; lastKnownFileType = sourcecode.swift; path = ImagePicker.swift; sourceTree = "<group>"; };
		E403DD6E2851DFE9004C8391 /* HomeToGather.app */ = {isa = PBXFileReference; explicitFileType = wrapper.application; includeInIndex = 0; path = HomeToGather.app; sourceTree = BUILT_PRODUCTS_DIR; };
		E403DD712851DFE9004C8391 /* HomeToGatherApp.swift */ = {isa = PBXFileReference; lastKnownFileType = sourcecode.swift; path = HomeToGatherApp.swift; sourceTree = "<group>"; };
		E403DD732851DFE9004C8391 /* ContentView.swift */ = {isa = PBXFileReference; lastKnownFileType = sourcecode.swift; path = ContentView.swift; sourceTree = "<group>"; };
		E403DD752851DFEA004C8391 /* Assets.xcassets */ = {isa = PBXFileReference; lastKnownFileType = folder.assetcatalog; path = Assets.xcassets; sourceTree = "<group>"; };
		E403DD782851DFEA004C8391 /* Preview Assets.xcassets */ = {isa = PBXFileReference; lastKnownFileType = folder.assetcatalog; path = "Preview Assets.xcassets"; sourceTree = "<group>"; };
		E46799E728539B5B00C294D8 /* NotoSansKR-Bold.otf */ = {isa = PBXFileReference; lastKnownFileType = file; name = "NotoSansKR-Bold.otf"; path = "../../../../../../Noto_Sans_KR/NotoSansKR-Bold.otf"; sourceTree = "<group>"; };
		E46799E828539B5B00C294D8 /* NotoSansKR-Black.otf */ = {isa = PBXFileReference; lastKnownFileType = file; name = "NotoSansKR-Black.otf"; path = "../../../../../../Noto_Sans_KR/NotoSansKR-Black.otf"; sourceTree = "<group>"; };
		E46799E928539B5B00C294D8 /* NotoSansKR-Thin.otf */ = {isa = PBXFileReference; lastKnownFileType = file; name = "NotoSansKR-Thin.otf"; path = "../../../../../../Noto_Sans_KR/NotoSansKR-Thin.otf"; sourceTree = "<group>"; };
		E46799EA28539B5B00C294D8 /* NotoSansKR-Regular.otf */ = {isa = PBXFileReference; lastKnownFileType = file; name = "NotoSansKR-Regular.otf"; path = "../../../../../../Noto_Sans_KR/NotoSansKR-Regular.otf"; sourceTree = "<group>"; };
		E46799EB28539B5B00C294D8 /* NotoSansKR-Light.otf */ = {isa = PBXFileReference; lastKnownFileType = file; name = "NotoSansKR-Light.otf"; path = "../../../../../../Noto_Sans_KR/NotoSansKR-Light.otf"; sourceTree = "<group>"; };
		E46799EC28539B5B00C294D8 /* NotoSansKR-Medium.otf */ = {isa = PBXFileReference; lastKnownFileType = file; name = "NotoSansKR-Medium.otf"; path = "../../../../../../Noto_Sans_KR/NotoSansKR-Medium.otf"; sourceTree = "<group>"; };
		E46799F328539B8C00C294D8 /* Montserrat-Light.ttf */ = {isa = PBXFileReference; lastKnownFileType = file; name = "Montserrat-Light.ttf"; path = "../../../../../../Montserrat (1)/static/Montserrat-Light.ttf"; sourceTree = "<group>"; };
		E46799F428539B8C00C294D8 /* Montserrat-Thin.ttf */ = {isa = PBXFileReference; lastKnownFileType = file; name = "Montserrat-Thin.ttf"; path = "../../../../../../Montserrat (1)/static/Montserrat-Thin.ttf"; sourceTree = "<group>"; };
		E46799F528539B8C00C294D8 /* Montserrat-Bold.ttf */ = {isa = PBXFileReference; lastKnownFileType = file; name = "Montserrat-Bold.ttf"; path = "../../../../../../Montserrat (1)/static/Montserrat-Bold.ttf"; sourceTree = "<group>"; };
		E46799F628539B8C00C294D8 /* Montserrat-Medium.ttf */ = {isa = PBXFileReference; lastKnownFileType = file; name = "Montserrat-Medium.ttf"; path = "../../../../../../Montserrat (1)/static/Montserrat-Medium.ttf"; sourceTree = "<group>"; };
		E46799F728539B8C00C294D8 /* Montserrat-Black.ttf */ = {isa = PBXFileReference; lastKnownFileType = file; name = "Montserrat-Black.ttf"; path = "../../../../../../Montserrat (1)/static/Montserrat-Black.ttf"; sourceTree = "<group>"; };
		E46799F828539B8C00C294D8 /* Montserrat-Regular.ttf */ = {isa = PBXFileReference; lastKnownFileType = file; name = "Montserrat-Regular.ttf"; path = "../../../../../../Montserrat (1)/static/Montserrat-Regular.ttf"; sourceTree = "<group>"; };
		E47738A1285320F800C1403F /* Font.swift */ = {isa = PBXFileReference; lastKnownFileType = sourcecode.swift; path = Font.swift; sourceTree = "<group>"; };
		E47738A3285321EA00C1403F /* Info.plist */ = {isa = PBXFileReference; lastKnownFileType = text.plist; path = Info.plist; sourceTree = "<group>"; };
		E47738FE28533A2000C1403F /* TicketView.swift */ = {isa = PBXFileReference; lastKnownFileType = sourcecode.swift; path = TicketView.swift; sourceTree = "<group>"; };
		E477390028533A2700C1403F /* CreateView.swift */ = {isa = PBXFileReference; lastKnownFileType = sourcecode.swift; path = CreateView.swift; sourceTree = "<group>"; };
		E477390328533A6900C1403F /* Color.swift */ = {isa = PBXFileReference; lastKnownFileType = sourcecode.swift; path = Color.swift; sourceTree = "<group>"; };
		F553FF6E6CB4595EAE2279F2 /* Pods_HomeToGather.framework */ = {isa = PBXFileReference; explicitFileType = wrapper.framework; includeInIndex = 0; path = Pods_HomeToGather.framework; sourceTree = BUILT_PRODUCTS_DIR; };
/* End PBXFileReference section */

/* Begin PBXFrameworksBuildPhase section */
		E403DD6B2851DFE9004C8391 /* Frameworks */ = {
			isa = PBXFrameworksBuildPhase;
			buildActionMask = 2147483647;
			files = (
				96C41805B25642421B11E3C3 /* Pods_HomeToGather.framework in Frameworks */,
			);
			runOnlyForDeploymentPostprocessing = 0;
		};
/* End PBXFrameworksBuildPhase section */

/* Begin PBXGroup section */
		2F2292058AD551396F6F044B /* Frameworks */ = {
			isa = PBXGroup;
			children = (
				F553FF6E6CB4595EAE2279F2 /* Pods_HomeToGather.framework */,
			);
			name = Frameworks;
			sourceTree = "<group>";
		};
		E26A386C2851F3E000AD8EFF /* Model */ = {
			isa = PBXGroup;
			children = (
				E26A38892853077A00AD8EFF /* Model.swift */,
			);
			path = Model;
			sourceTree = "<group>";
		};
		E26A386D2851F3E700AD8EFF /* ViewModel */ = {
			isa = PBXGroup;
			children = (
				E26A386E2851F40300AD8EFF /* AppleLogin.swift */,
				E26A38872853076800AD8EFF /* ViewModel.swift */,
				E26A388B2853081E00AD8EFF /* ImagePicker.swift */,
			);
			path = ViewModel;
			sourceTree = "<group>";
		};
		E26A38812851F4FB00AD8EFF /* View */ = {
			isa = PBXGroup;
			children = (
				E477389F28531B9200C1403F /* Create */,
				E477389E2853195C00C1403F /* TicketList */,
				E477389D2853195400C1403F /* Main */,
			);
			path = View;
			sourceTree = "<group>";
		};
		E403DD652851DFE9004C8391 = {
			isa = PBXGroup;
			children = (
				E403DD702851DFE9004C8391 /* HomeToGather */,
				E403DD6F2851DFE9004C8391 /* Products */,
				F20556BFAAF2510972E9D22C /* Pods */,
				2F2292058AD551396F6F044B /* Frameworks */,
			);
			sourceTree = "<group>";
		};
		E403DD6F2851DFE9004C8391 /* Products */ = {
			isa = PBXGroup;
			children = (
				E403DD6E2851DFE9004C8391 /* HomeToGather.app */,
			);
			name = Products;
			sourceTree = "<group>";
		};
		E403DD702851DFE9004C8391 /* HomeToGather */ = {
			isa = PBXGroup;
			children = (
				E47738A3285321EA00C1403F /* Info.plist */,
				E26A38862851F71D00AD8EFF /* HomeToGather.entitlements */,
				E26A386C2851F3E000AD8EFF /* Model */,
				E26A38812851F4FB00AD8EFF /* View */,
				E26A386D2851F3E700AD8EFF /* ViewModel */,
				E403DD712851DFE9004C8391 /* HomeToGatherApp.swift */,
				E403DD732851DFE9004C8391 /* ContentView.swift */,
				E403DD752851DFEA004C8391 /* Assets.xcassets */,
				E26A38842851F6E400AD8EFF /* GoogleService-Info.plist */,
				E47738A0285320B500C1403F /* Extensions */,
				E403DD772851DFEA004C8391 /* Preview Content */,
			);
			path = HomeToGather;
			sourceTree = "<group>";
		};
		E403DD772851DFEA004C8391 /* Preview Content */ = {
			isa = PBXGroup;
			children = (
				E403DD782851DFEA004C8391 /* Preview Assets.xcassets */,
			);
			path = "Preview Content";
			sourceTree = "<group>";
		};
		E477389D2853195400C1403F /* Main */ = {
			isa = PBXGroup;
			children = (
				E26A38822851F50D00AD8EFF /* MainView.swift */,
			);
			path = Main;
			sourceTree = "<group>";
		};
		E477389E2853195C00C1403F /* TicketList */ = {
			isa = PBXGroup;
			children = (
				E47738FE28533A2000C1403F /* TicketView.swift */,
			);
			path = TicketList;
			sourceTree = "<group>";
		};
		E477389F28531B9200C1403F /* Create */ = {
			isa = PBXGroup;
			children = (
				E477390028533A2700C1403F /* CreateView.swift */,
			);
			path = Create;
			sourceTree = "<group>";
		};
		E47738A0285320B500C1403F /* Extensions */ = {
			isa = PBXGroup;
			children = (
				E47738A42853223200C1403F /* Font */,
				E477390328533A6900C1403F /* Color.swift */,
			);
			path = Extensions;
			sourceTree = "<group>";
		};
		E47738A42853223200C1403F /* Font */ = {
			isa = PBXGroup;
			children = (
				E47738E32853399800C1403F /* Montserrat */,
				E47738E22853397200C1403F /* NotoSans */,
				E47738A1285320F800C1403F /* Font.swift */,
			);
			path = Font;
			sourceTree = "<group>";
		};
		E47738E22853397200C1403F /* NotoSans */ = {
			isa = PBXGroup;
			children = (
				E46799E828539B5B00C294D8 /* NotoSansKR-Black.otf */,
				E46799E728539B5B00C294D8 /* NotoSansKR-Bold.otf */,
				E46799EB28539B5B00C294D8 /* NotoSansKR-Light.otf */,
				E46799EC28539B5B00C294D8 /* NotoSansKR-Medium.otf */,
				E46799EA28539B5B00C294D8 /* NotoSansKR-Regular.otf */,
				E46799E928539B5B00C294D8 /* NotoSansKR-Thin.otf */,
			);
			path = NotoSans;
			sourceTree = "<group>";
		};
		E47738E32853399800C1403F /* Montserrat */ = {
			isa = PBXGroup;
			children = (
				E46799F728539B8C00C294D8 /* Montserrat-Black.ttf */,
				E46799F528539B8C00C294D8 /* Montserrat-Bold.ttf */,
				E46799F328539B8C00C294D8 /* Montserrat-Light.ttf */,
				E46799F628539B8C00C294D8 /* Montserrat-Medium.ttf */,
				E46799F828539B8C00C294D8 /* Montserrat-Regular.ttf */,
				E46799F428539B8C00C294D8 /* Montserrat-Thin.ttf */,
			);
			path = Montserrat;
			sourceTree = "<group>";
		};
		F20556BFAAF2510972E9D22C /* Pods */ = {
			isa = PBXGroup;
			children = (
				682948D23B041018B1FD98FD /* Pods-HomeToGather.debug.xcconfig */,
				1971262C2D08B886A5349309 /* Pods-HomeToGather.release.xcconfig */,
			);
			path = Pods;
			sourceTree = "<group>";
		};
/* End PBXGroup section */

/* Begin PBXNativeTarget section */
		E403DD6D2851DFE9004C8391 /* HomeToGather */ = {
			isa = PBXNativeTarget;
			buildConfigurationList = E403DD7C2851DFEA004C8391 /* Build configuration list for PBXNativeTarget "HomeToGather" */;
			buildPhases = (
				64679747FE9E25BFC7E3AC71 /* [CP] Check Pods Manifest.lock */,
				E403DD6A2851DFE9004C8391 /* Sources */,
				E403DD6B2851DFE9004C8391 /* Frameworks */,
				E403DD6C2851DFE9004C8391 /* Resources */,
				DAB256E0070A88CE7469D4F1 /* [CP] Embed Pods Frameworks */,
			);
			buildRules = (
			);
			dependencies = (
			);
			name = HomeToGather;
			productName = HomeToGather;
			productReference = E403DD6E2851DFE9004C8391 /* HomeToGather.app */;
			productType = "com.apple.product-type.application";
		};
/* End PBXNativeTarget section */

/* Begin PBXProject section */
		E403DD662851DFE9004C8391 /* Project object */ = {
			isa = PBXProject;
			attributes = {
				BuildIndependentTargetsInParallel = 1;
				LastSwiftUpdateCheck = 1340;
				LastUpgradeCheck = 1340;
				TargetAttributes = {
					E403DD6D2851DFE9004C8391 = {
						CreatedOnToolsVersion = 13.4.1;
					};
				};
			};
			buildConfigurationList = E403DD692851DFE9004C8391 /* Build configuration list for PBXProject "HomeToGather" */;
			compatibilityVersion = "Xcode 13.0";
			developmentRegion = en;
			hasScannedForEncodings = 0;
			knownRegions = (
				en,
				Base,
			);
			mainGroup = E403DD652851DFE9004C8391;
			productRefGroup = E403DD6F2851DFE9004C8391 /* Products */;
			projectDirPath = "";
			projectRoot = "";
			targets = (
				E403DD6D2851DFE9004C8391 /* HomeToGather */,
			);
		};
/* End PBXProject section */

/* Begin PBXResourcesBuildPhase section */
		E403DD6C2851DFE9004C8391 /* Resources */ = {
			isa = PBXResourcesBuildPhase;
			buildActionMask = 2147483647;
			files = (
				E46799F928539B8C00C294D8 /* Montserrat-Light.ttf in Resources */,
				E46799FD28539B8C00C294D8 /* Montserrat-Black.ttf in Resources */,
				E46799EF28539B5B00C294D8 /* NotoSansKR-Thin.otf in Resources */,
				E46799FE28539B8C00C294D8 /* Montserrat-Regular.ttf in Resources */,
				E403DD792851DFEA004C8391 /* Preview Assets.xcassets in Resources */,
				E46799F128539B5B00C294D8 /* NotoSansKR-Light.otf in Resources */,
				E46799F228539B5B00C294D8 /* NotoSansKR-Medium.otf in Resources */,
				E403DD762851DFEA004C8391 /* Assets.xcassets in Resources */,
				E46799ED28539B5B00C294D8 /* NotoSansKR-Bold.otf in Resources */,
				E46799FA28539B8C00C294D8 /* Montserrat-Thin.ttf in Resources */,
				E46799FB28539B8C00C294D8 /* Montserrat-Bold.ttf in Resources */,
				E46799EE28539B5B00C294D8 /* NotoSansKR-Black.otf in Resources */,
				E46799FC28539B8C00C294D8 /* Montserrat-Medium.ttf in Resources */,
				E26A38852851F6E400AD8EFF /* GoogleService-Info.plist in Resources */,
				E46799F028539B5B00C294D8 /* NotoSansKR-Regular.otf in Resources */,
			);
			runOnlyForDeploymentPostprocessing = 0;
		};
/* End PBXResourcesBuildPhase section */

/* Begin PBXShellScriptBuildPhase section */
		64679747FE9E25BFC7E3AC71 /* [CP] Check Pods Manifest.lock */ = {
			isa = PBXShellScriptBuildPhase;
			buildActionMask = 2147483647;
			files = (
			);
			inputFileListPaths = (
			);
			inputPaths = (
				"${PODS_PODFILE_DIR_PATH}/Podfile.lock",
				"${PODS_ROOT}/Manifest.lock",
			);
			name = "[CP] Check Pods Manifest.lock";
			outputFileListPaths = (
			);
			outputPaths = (
				"$(DERIVED_FILE_DIR)/Pods-HomeToGather-checkManifestLockResult.txt",
			);
			runOnlyForDeploymentPostprocessing = 0;
			shellPath = /bin/sh;
			shellScript = "diff \"${PODS_PODFILE_DIR_PATH}/Podfile.lock\" \"${PODS_ROOT}/Manifest.lock\" > /dev/null\nif [ $? != 0 ] ; then\n    # print error to STDERR\n    echo \"error: The sandbox is not in sync with the Podfile.lock. Run 'pod install' or update your CocoaPods installation.\" >&2\n    exit 1\nfi\n# This output is used by Xcode 'outputs' to avoid re-running this script phase.\necho \"SUCCESS\" > \"${SCRIPT_OUTPUT_FILE_0}\"\n";
			showEnvVarsInLog = 0;
		};
		DAB256E0070A88CE7469D4F1 /* [CP] Embed Pods Frameworks */ = {
			isa = PBXShellScriptBuildPhase;
			buildActionMask = 2147483647;
			files = (
			);
			inputFileListPaths = (
				"${PODS_ROOT}/Target Support Files/Pods-HomeToGather/Pods-HomeToGather-frameworks-${CONFIGURATION}-input-files.xcfilelist",
			);
			name = "[CP] Embed Pods Frameworks";
			outputFileListPaths = (
				"${PODS_ROOT}/Target Support Files/Pods-HomeToGather/Pods-HomeToGather-frameworks-${CONFIGURATION}-output-files.xcfilelist",
			);
			runOnlyForDeploymentPostprocessing = 0;
			shellPath = /bin/sh;
			shellScript = "\"${PODS_ROOT}/Target Support Files/Pods-HomeToGather/Pods-HomeToGather-frameworks.sh\"\n";
			showEnvVarsInLog = 0;
		};
/* End PBXShellScriptBuildPhase section */

/* Begin PBXSourcesBuildPhase section */
		E403DD6A2851DFE9004C8391 /* Sources */ = {
			isa = PBXSourcesBuildPhase;
			buildActionMask = 2147483647;
			files = (
				E26A38882853076800AD8EFF /* ViewModel.swift in Sources */,
				E403DD742851DFE9004C8391 /* ContentView.swift in Sources */,
				E477390428533A6900C1403F /* Color.swift in Sources */,
				E26A38832851F50D00AD8EFF /* MainView.swift in Sources */,
				E26A388C2853081E00AD8EFF /* ImagePicker.swift in Sources */,
				E477390128533A2700C1403F /* CreateView.swift in Sources */,
				E47738A2285320F800C1403F /* Font.swift in Sources */,
				E26A388A2853077A00AD8EFF /* Model.swift in Sources */,
				E47738FF28533A2000C1403F /* TicketView.swift in Sources */,
				E26A386F2851F40300AD8EFF /* AppleLogin.swift in Sources */,
				E403DD722851DFE9004C8391 /* HomeToGatherApp.swift in Sources */,
			);
			runOnlyForDeploymentPostprocessing = 0;
		};
/* End PBXSourcesBuildPhase section */

/* Begin XCBuildConfiguration section */
		E403DD7A2851DFEA004C8391 /* Debug */ = {
			isa = XCBuildConfiguration;
			buildSettings = {
				ALWAYS_SEARCH_USER_PATHS = NO;
				CLANG_ANALYZER_NONNULL = YES;
				CLANG_ANALYZER_NUMBER_OBJECT_CONVERSION = YES_AGGRESSIVE;
				CLANG_CXX_LANGUAGE_STANDARD = "gnu++17";
				CLANG_ENABLE_MODULES = YES;
				CLANG_ENABLE_OBJC_ARC = YES;
				CLANG_ENABLE_OBJC_WEAK = YES;
				CLANG_WARN_BLOCK_CAPTURE_AUTORELEASING = YES;
				CLANG_WARN_BOOL_CONVERSION = YES;
				CLANG_WARN_COMMA = YES;
				CLANG_WARN_CONSTANT_CONVERSION = YES;
				CLANG_WARN_DEPRECATED_OBJC_IMPLEMENTATIONS = YES;
				CLANG_WARN_DIRECT_OBJC_ISA_USAGE = YES_ERROR;
				CLANG_WARN_DOCUMENTATION_COMMENTS = YES;
				CLANG_WARN_EMPTY_BODY = YES;
				CLANG_WARN_ENUM_CONVERSION = YES;
				CLANG_WARN_INFINITE_RECURSION = YES;
				CLANG_WARN_INT_CONVERSION = YES;
				CLANG_WARN_NON_LITERAL_NULL_CONVERSION = YES;
				CLANG_WARN_OBJC_IMPLICIT_RETAIN_SELF = YES;
				CLANG_WARN_OBJC_LITERAL_CONVERSION = YES;
				CLANG_WARN_OBJC_ROOT_CLASS = YES_ERROR;
				CLANG_WARN_QUOTED_INCLUDE_IN_FRAMEWORK_HEADER = YES;
				CLANG_WARN_RANGE_LOOP_ANALYSIS = YES;
				CLANG_WARN_STRICT_PROTOTYPES = YES;
				CLANG_WARN_SUSPICIOUS_MOVE = YES;
				CLANG_WARN_UNGUARDED_AVAILABILITY = YES_AGGRESSIVE;
				CLANG_WARN_UNREACHABLE_CODE = YES;
				CLANG_WARN__DUPLICATE_METHOD_MATCH = YES;
				COPY_PHASE_STRIP = NO;
				DEBUG_INFORMATION_FORMAT = dwarf;
				ENABLE_STRICT_OBJC_MSGSEND = YES;
				ENABLE_TESTABILITY = YES;
				GCC_C_LANGUAGE_STANDARD = gnu11;
				GCC_DYNAMIC_NO_PIC = NO;
				GCC_NO_COMMON_BLOCKS = YES;
				GCC_OPTIMIZATION_LEVEL = 0;
				GCC_PREPROCESSOR_DEFINITIONS = (
					"DEBUG=1",
					"$(inherited)",
				);
				GCC_WARN_64_TO_32_BIT_CONVERSION = YES;
				GCC_WARN_ABOUT_RETURN_TYPE = YES_ERROR;
				GCC_WARN_UNDECLARED_SELECTOR = YES;
				GCC_WARN_UNINITIALIZED_AUTOS = YES_AGGRESSIVE;
				GCC_WARN_UNUSED_FUNCTION = YES;
				GCC_WARN_UNUSED_VARIABLE = YES;
				IPHONEOS_DEPLOYMENT_TARGET = 15.5;
				MTL_ENABLE_DEBUG_INFO = INCLUDE_SOURCE;
				MTL_FAST_MATH = YES;
				ONLY_ACTIVE_ARCH = YES;
				SDKROOT = iphoneos;
				SWIFT_ACTIVE_COMPILATION_CONDITIONS = DEBUG;
				SWIFT_OPTIMIZATION_LEVEL = "-Onone";
			};
			name = Debug;
		};
		E403DD7B2851DFEA004C8391 /* Release */ = {
			isa = XCBuildConfiguration;
			buildSettings = {
				ALWAYS_SEARCH_USER_PATHS = NO;
				CLANG_ANALYZER_NONNULL = YES;
				CLANG_ANALYZER_NUMBER_OBJECT_CONVERSION = YES_AGGRESSIVE;
				CLANG_CXX_LANGUAGE_STANDARD = "gnu++17";
				CLANG_ENABLE_MODULES = YES;
				CLANG_ENABLE_OBJC_ARC = YES;
				CLANG_ENABLE_OBJC_WEAK = YES;
				CLANG_WARN_BLOCK_CAPTURE_AUTORELEASING = YES;
				CLANG_WARN_BOOL_CONVERSION = YES;
				CLANG_WARN_COMMA = YES;
				CLANG_WARN_CONSTANT_CONVERSION = YES;
				CLANG_WARN_DEPRECATED_OBJC_IMPLEMENTATIONS = YES;
				CLANG_WARN_DIRECT_OBJC_ISA_USAGE = YES_ERROR;
				CLANG_WARN_DOCUMENTATION_COMMENTS = YES;
				CLANG_WARN_EMPTY_BODY = YES;
				CLANG_WARN_ENUM_CONVERSION = YES;
				CLANG_WARN_INFINITE_RECURSION = YES;
				CLANG_WARN_INT_CONVERSION = YES;
				CLANG_WARN_NON_LITERAL_NULL_CONVERSION = YES;
				CLANG_WARN_OBJC_IMPLICIT_RETAIN_SELF = YES;
				CLANG_WARN_OBJC_LITERAL_CONVERSION = YES;
				CLANG_WARN_OBJC_ROOT_CLASS = YES_ERROR;
				CLANG_WARN_QUOTED_INCLUDE_IN_FRAMEWORK_HEADER = YES;
				CLANG_WARN_RANGE_LOOP_ANALYSIS = YES;
				CLANG_WARN_STRICT_PROTOTYPES = YES;
				CLANG_WARN_SUSPICIOUS_MOVE = YES;
				CLANG_WARN_UNGUARDED_AVAILABILITY = YES_AGGRESSIVE;
				CLANG_WARN_UNREACHABLE_CODE = YES;
				CLANG_WARN__DUPLICATE_METHOD_MATCH = YES;
				COPY_PHASE_STRIP = NO;
				DEBUG_INFORMATION_FORMAT = "dwarf-with-dsym";
				ENABLE_NS_ASSERTIONS = NO;
				ENABLE_STRICT_OBJC_MSGSEND = YES;
				GCC_C_LANGUAGE_STANDARD = gnu11;
				GCC_NO_COMMON_BLOCKS = YES;
				GCC_WARN_64_TO_32_BIT_CONVERSION = YES;
				GCC_WARN_ABOUT_RETURN_TYPE = YES_ERROR;
				GCC_WARN_UNDECLARED_SELECTOR = YES;
				GCC_WARN_UNINITIALIZED_AUTOS = YES_AGGRESSIVE;
				GCC_WARN_UNUSED_FUNCTION = YES;
				GCC_WARN_UNUSED_VARIABLE = YES;
				IPHONEOS_DEPLOYMENT_TARGET = 15.5;
				MTL_ENABLE_DEBUG_INFO = NO;
				MTL_FAST_MATH = YES;
				SDKROOT = iphoneos;
				SWIFT_COMPILATION_MODE = wholemodule;
				SWIFT_OPTIMIZATION_LEVEL = "-O";
				VALIDATE_PRODUCT = YES;
			};
			name = Release;
		};
		E403DD7D2851DFEA004C8391 /* Debug */ = {
			isa = XCBuildConfiguration;
			baseConfigurationReference = 682948D23B041018B1FD98FD /* Pods-HomeToGather.debug.xcconfig */;
			buildSettings = {
				ASSETCATALOG_COMPILER_APPICON_NAME = AppIcon;
				ASSETCATALOG_COMPILER_GLOBAL_ACCENT_COLOR_NAME = AccentColor;
				CODE_SIGN_ENTITLEMENTS = HomeToGather/HomeToGather.entitlements;
				CODE_SIGN_IDENTITY = "iPhone Developer";
				CODE_SIGN_STYLE = Manual;
				CURRENT_PROJECT_VERSION = 1;
				DEVELOPMENT_ASSET_PATHS = "\"HomeToGather/Preview Content\"";
				DEVELOPMENT_TEAM = 9R39BMBYFW;
				ENABLE_PREVIEWS = YES;
				GENERATE_INFOPLIST_FILE = YES;
				INFOPLIST_FILE = HomeToGather/Info.plist;
				INFOPLIST_KEY_UIApplicationSceneManifest_Generation = YES;
				INFOPLIST_KEY_UIApplicationSupportsIndirectInputEvents = YES;
				INFOPLIST_KEY_UILaunchScreen_Generation = YES;
				INFOPLIST_KEY_UISupportedInterfaceOrientations_iPad = "UIInterfaceOrientationPortrait UIInterfaceOrientationPortraitUpsideDown UIInterfaceOrientationLandscapeLeft UIInterfaceOrientationLandscapeRight";
				INFOPLIST_KEY_UISupportedInterfaceOrientations_iPhone = "UIInterfaceOrientationPortrait UIInterfaceOrientationLandscapeLeft UIInterfaceOrientationLandscapeRight";
				LD_RUNPATH_SEARCH_PATHS = (
					"$(inherited)",
					"@executable_path/Frameworks",
				);
				MARKETING_VERSION = 1.0;
				PRODUCT_BUNDLE_IDENTIFIER = com.doyun.HomeToGather;
				PRODUCT_NAME = "$(TARGET_NAME)";
				PROVISIONING_PROFILE_SPECIFIER = "MC2 Team i!";
				SWIFT_EMIT_LOC_STRINGS = YES;
				SWIFT_VERSION = 5.0;
				TARGETED_DEVICE_FAMILY = "1,2";
			};
			name = Debug;
		};
		E403DD7E2851DFEA004C8391 /* Release */ = {
			isa = XCBuildConfiguration;
			baseConfigurationReference = 1971262C2D08B886A5349309 /* Pods-HomeToGather.release.xcconfig */;
			buildSettings = {
				ASSETCATALOG_COMPILER_APPICON_NAME = AppIcon;
				ASSETCATALOG_COMPILER_GLOBAL_ACCENT_COLOR_NAME = AccentColor;
				CODE_SIGN_ENTITLEMENTS = HomeToGather/HomeToGather.entitlements;
				CODE_SIGN_IDENTITY = "iPhone Developer";
				CODE_SIGN_STYLE = Manual;
				CURRENT_PROJECT_VERSION = 1;
				DEVELOPMENT_ASSET_PATHS = "\"HomeToGather/Preview Content\"";
				DEVELOPMENT_TEAM = 9R39BMBYFW;
				ENABLE_PREVIEWS = YES;
				GENERATE_INFOPLIST_FILE = YES;
				INFOPLIST_FILE = HomeToGather/Info.plist;
				INFOPLIST_KEY_UIApplicationSceneManifest_Generation = YES;
				INFOPLIST_KEY_UIApplicationSupportsIndirectInputEvents = YES;
				INFOPLIST_KEY_UILaunchScreen_Generation = YES;
				INFOPLIST_KEY_UISupportedInterfaceOrientations_iPad = "UIInterfaceOrientationPortrait UIInterfaceOrientationPortraitUpsideDown UIInterfaceOrientationLandscapeLeft UIInterfaceOrientationLandscapeRight";
				INFOPLIST_KEY_UISupportedInterfaceOrientations_iPhone = "UIInterfaceOrientationPortrait UIInterfaceOrientationLandscapeLeft UIInterfaceOrientationLandscapeRight";
				LD_RUNPATH_SEARCH_PATHS = (
					"$(inherited)",
					"@executable_path/Frameworks",
				);
				MARKETING_VERSION = 1.0;
				PRODUCT_BUNDLE_IDENTIFIER = com.doyun.HomeToGather;
				PRODUCT_NAME = "$(TARGET_NAME)";
				PROVISIONING_PROFILE_SPECIFIER = "MC2 Team i!";
				SWIFT_EMIT_LOC_STRINGS = YES;
				SWIFT_VERSION = 5.0;
				TARGETED_DEVICE_FAMILY = "1,2";
			};
			name = Release;
		};
/* End XCBuildConfiguration section */

/* Begin XCConfigurationList section */
		E403DD692851DFE9004C8391 /* Build configuration list for PBXProject "HomeToGather" */ = {
			isa = XCConfigurationList;
			buildConfigurations = (
				E403DD7A2851DFEA004C8391 /* Debug */,
				E403DD7B2851DFEA004C8391 /* Release */,
			);
			defaultConfigurationIsVisible = 0;
			defaultConfigurationName = Release;
		};
		E403DD7C2851DFEA004C8391 /* Build configuration list for PBXNativeTarget "HomeToGather" */ = {
			isa = XCConfigurationList;
			buildConfigurations = (
				E403DD7D2851DFEA004C8391 /* Debug */,
				E403DD7E2851DFEA004C8391 /* Release */,
			);
			defaultConfigurationIsVisible = 0;
			defaultConfigurationName = Release;
		};
/* End XCConfigurationList section */
	};
	rootObject = E403DD662851DFE9004C8391 /* Project object */;
}
